<?xml version="1.0" encoding="utf-8"?>
<Project ToolsVersion="4.0" xmlns="http://schemas.microsoft.com/developer/msbuild/2003">
  <ItemGroup>
    <Filter Include="Source Files">
      <UniqueIdentifier>{4FC737F1-C7A5-4376-A066-2A32D752A2FF}</UniqueIdentifier>
      <Extensions>cpp;c;cc;cxx;c++;cppm;ixx;def;odl;idl;hpj;bat;asm;asmx</Extensions>
    </Filter>
    <Filter Include="Header Files">
      <UniqueIdentifier>{93995380-89BD-4b04-88EB-625FBE52EBFB}</UniqueIdentifier>
      <Extensions>h;hh;hpp;hxx;h++;hm;inl;inc;ipp;xsd</Extensions>
    </Filter>
  </ItemGroup>
  <ItemGroup>
    <ClInclude Include="Config.h">
      <Filter>Header Files</Filter>
    </ClInclude>
    <ClInclude Include="CWIdTX.h">
      <Filter>Header Files</Filter>
    </ClInclude>
    <ClInclude Include="DMRDefines.h">
      <Filter>Header Files</Filter>
    </ClInclude>
    <ClInclude Include="DMRDMORX.h">
      <Filter>Header Files</Filter>
    </ClInclude>
    <ClInclude Include="DMRDMOTX.h">
      <Filter>Header Files</Filter>
    </ClInclude>
    <ClInclude Include="DMRIdleRX.h">
      <Filter>Header Files</Filter>
    </ClInclude>
    <ClInclude Include="DMRRX.h">
      <Filter>Header Files</Filter>
    </ClInclude>
    <ClInclude Include="DMRSlotRX.h">
      <Filter>Header Files</Filter>
    </ClInclude>
    <ClInclude Include="DMRSlotType.h">
      <Filter>Header Files</Filter>
    </ClInclude>
    <ClInclude Include="DMRTX.h">
      <Filter>Header Files</Filter>
    </ClInclude>
    <ClInclude Include="DStarDefines.h">
      <Filter>Header Files</Filter>
    </ClInclude>
    <ClInclude Include="DStarRX.h">
      <Filter>Header Files</Filter>
    </ClInclude>
    <ClInclude Include="DStarTX.h">
      <Filter>Header Files</Filter>
    </ClInclude>
    <ClInclude Include="FM.h">
      <Filter>Header Files</Filter>
    </ClInclude>
    <ClInclude Include="FMBlanking.h">
      <Filter>Header Files</Filter>
    </ClInclude>
    <ClInclude Include="FMCTCSSRX.h">
      <Filter>Header Files</Filter>
    </ClInclude>
    <ClInclude Include="FMCTCSSTX.h">
      <Filter>Header Files</Filter>
    </ClInclude>
    <ClInclude Include="FMDirectForm1.h">
      <Filter>Header Files</Filter>
    </ClInclude>
    <ClInclude Include="FMDownSampler.h">
      <Filter>Header Files</Filter>
    </ClInclude>
    <ClInclude Include="FMKeyer.h">
      <Filter>Header Files</Filter>
    </ClInclude>
    <ClInclude Include="FMNoiseSquelch.h">
      <Filter>Header Files</Filter>
    </ClInclude>
    <ClInclude Include="FMSamplePairPack.h">
      <Filter>Header Files</Filter>
    </ClInclude>
    <ClInclude Include="FMTimeout.h">
      <Filter>Header Files</Filter>
    </ClInclude>
    <ClInclude Include="FMTimer.h">
      <Filter>Header Files</Filter>
    </ClInclude>
    <ClInclude Include="FMUpSampler.h">
      <Filter>Header Files</Filter>
    </ClInclude>
    <ClInclude Include="Globals.h">
      <Filter>Header Files</Filter>
    </ClInclude>
    <ClInclude Include="IO.h">
      <Filter>Header Files</Filter>
    </ClInclude>
    <ClInclude Include="NXDNDefines.h">
      <Filter>Header Files</Filter>
    </ClInclude>
    <ClInclude Include="NXDNRX.h">
      <Filter>Header Files</Filter>
    </ClInclude>
    <ClInclude Include="NXDNTX.h">
      <Filter>Header Files</Filter>
    </ClInclude>
    <ClInclude Include="P25Defines.h">
      <Filter>Header Files</Filter>
    </ClInclude>
    <ClInclude Include="P25RX.h">
      <Filter>Header Files</Filter>
    </ClInclude>
    <ClInclude Include="P25TX.h">
      <Filter>Header Files</Filter>
    </ClInclude>
    <ClInclude Include="POCSAGTX.h">
      <Filter>Header Files</Filter>
    </ClInclude>
    <ClInclude Include="SerialPort.h">
      <Filter>Header Files</Filter>
    </ClInclude>
    <ClInclude Include="Utils.h">
      <Filter>Header Files</Filter>
    </ClInclude>
    <ClInclude Include="Version.h">
      <Filter>Header Files</Filter>
    </ClInclude>
    <ClInclude Include="YSFDefines.h">
      <Filter>Header Files</Filter>
    </ClInclude>
    <ClInclude Include="YSFRX.h">
      <Filter>Header Files</Filter>
    </ClInclude>
    <ClInclude Include="YSFTX.h">
      <Filter>Header Files</Filter>
    </ClInclude>
    <ClInclude Include="Thread.h">
      <Filter>Header Files</Filter>
    </ClInclude>
    <ClInclude Include="UDPSocket.h">
      <Filter>Header Files</Filter>
    </ClInclude>
    <ClInclude Include="Socket.h">
      <Filter>Header Files</Filter>
    </ClInclude>
    <ClInclude Include="Timer.h">
      <Filter>Header Files</Filter>
    </ClInclude>
    <ClInclude Include="StopWatch.h">
      <Filter>Header Files</Filter>
    </ClInclude>
    <ClInclude Include="Conf.h">
      <Filter>Header Files</Filter>
    </ClInclude>
    <ClInclude Include="Log.h">
      <Filter>Header Files</Filter>
    </ClInclude>
    <ClInclude Include="RingBuffer.h">
      <Filter>Header Files</Filter>
    </ClInclude>
    <ClInclude Include="MMDVM.h">
      <Filter>Header Files</Filter>
    </ClInclude>
    <ClInclude Include="GitVersion.h">
      <Filter>Header Files</Filter>
    </ClInclude>
  </ItemGroup>
  <ItemGroup>
    <ClCompile Include="CWIdTX.cpp">
      <Filter>Source Files</Filter>
    </ClCompile>
    <ClCompile Include="DMRDMORX.cpp">
      <Filter>Source Files</Filter>
    </ClCompile>
    <ClCompile Include="DMRDMOTX.cpp">
      <Filter>Source Files</Filter>
    </ClCompile>
    <ClCompile Include="DMRIdleRX.cpp">
      <Filter>Source Files</Filter>
    </ClCompile>
    <ClCompile Include="DMRRX.cpp">
      <Filter>Source Files</Filter>
    </ClCompile>
    <ClCompile Include="DMRSlotRX.cpp">
      <Filter>Source Files</Filter>
    </ClCompile>
    <ClCompile Include="DMRSlotType.cpp">
      <Filter>Source Files</Filter>
    </ClCompile>
    <ClCompile Include="DMRTX.cpp">
      <Filter>Source Files</Filter>
    </ClCompile>
    <ClCompile Include="DStarRX.cpp">
      <Filter>Source Files</Filter>
    </ClCompile>
    <ClCompile Include="DStarTX.cpp">
      <Filter>Source Files</Filter>
    </ClCompile>
    <ClCompile Include="FM.cpp">
      <Filter>Source Files</Filter>
    </ClCompile>
    <ClCompile Include="FMBlanking.cpp">
      <Filter>Source Files</Filter>
    </ClCompile>
    <ClCompile Include="FMCTCSSRX.cpp">
      <Filter>Source Files</Filter>
    </ClCompile>
    <ClCompile Include="FMCTCSSTX.cpp">
      <Filter>Source Files</Filter>
    </ClCompile>
    <ClCompile Include="FMDownSampler.cpp">
      <Filter>Source Files</Filter>
    </ClCompile>
    <ClCompile Include="FMKeyer.cpp">
      <Filter>Source Files</Filter>
    </ClCompile>
    <ClCompile Include="FMNoiseSquelch.cpp">
      <Filter>Source Files</Filter>
    </ClCompile>
    <ClCompile Include="FMTimeout.cpp">
      <Filter>Source Files</Filter>
    </ClCompile>
    <ClCompile Include="FMTimer.cpp">
      <Filter>Source Files</Filter>
    </ClCompile>
    <ClCompile Include="FMUpSampler.cpp">
      <Filter>Source Files</Filter>
    </ClCompile>
    <ClCompile Include="IO.cpp">
      <Filter>Source Files</Filter>
    </ClCompile>
    <ClCompile Include="MMDVM.cpp">
      <Filter>Source Files</Filter>
    </ClCompile>
    <ClCompile Include="NXDNRX.cpp">
      <Filter>Source Files</Filter>
    </ClCompile>
    <ClCompile Include="NXDNTX.cpp">
      <Filter>Source Files</Filter>
    </ClCompile>
    <ClCompile Include="P25RX.cpp">
      <Filter>Source Files</Filter>
    </ClCompile>
    <ClCompile Include="P25TX.cpp">
      <Filter>Source Files</Filter>
    </ClCompile>
    <ClCompile Include="POCSAGTX.cpp">
      <Filter>Source Files</Filter>
    </ClCompile>
    <ClCompile Include="SerialPort.cpp">
      <Filter>Source Files</Filter>
    </ClCompile>
    <ClCompile Include="Utils.cpp">
      <Filter>Source Files</Filter>
    </ClCompile>
    <ClCompile Include="YSFRX.cpp">
      <Filter>Source Files</Filter>
    </ClCompile>
    <ClCompile Include="YSFTX.cpp">
      <Filter>Source Files</Filter>
    </ClCompile>
    <ClCompile Include="Thread.cpp">
      <Filter>Source Files</Filter>
    </ClCompile>
    <ClCompile Include="UDPSocket.cpp">
      <Filter>Source Files</Filter>
    </ClCompile>
    <ClCompile Include="Socket.cpp">
      <Filter>Source Files</Filter>
    </ClCompile>
    <ClCompile Include="Timer.cpp">
      <Filter>Source Files</Filter>
    </ClCompile>
    <ClCompile Include="StopWatch.cpp">
      <Filter>Source Files</Filter>
    </ClCompile>
    <ClCompile Include="Conf.cpp">
      <Filter>Source Files</Filter>
    </ClCompile>
    <ClCompile Include="Log.cpp">
      <Filter>Source Files</Filter>
    </ClCompile>
  </ItemGroup>
</Project>
